
Microsoft Visual Studio Solution File, Format Version 12.00
# Visual Studio 15
VisualStudioVersion = 15.0.28010.0
MinimumVisualStudioVersion = 10.0.40219.1
Project("{FAE04EC0-301F-11D3-BF4B-00C04F79EFBC}") = "koin", "koin\koin.csproj", "{EF3E13AF-5EFC-4F03-823C-288F5D355BA3}"
EndProject
Global
	GlobalSection(SolutionConfigurationPlatforms) = preSolution
		Debug|Any CPU = Debug|Any CPU
		Release|Any CPU = Release|Any CPU
	EndGlobalSection
	GlobalSection(ProjectConfigurationPlatforms) = postSolution
		{EF3E13AF-5EFC-4F03-823C-288F5D355BA3}.Debug|Any CPU.ActiveCfg = Debug|Any CPU
		{EF3E13AF-5EFC-4F03-823C-288F5D355BA3}.Debug|Any CPU.Build.0 = Debug|Any CPU
		{EF3E13AF-5EFC-4F03-823C-288F5D355BA3}.Release|Any CPU.ActiveCfg = Release|Any CPU
		{EF3E13AF-5EFC-4F03-823C-288F5D355BA3}.Release|Any CPU.Build.0 = Release|Any CPU
	EndGlobalSection
	GlobalSection(SolutionProperties) = preSolution
		HideSolutionNode = FALSE
	EndGlobalSection
	GlobalSection(ExtensibilityGlobals) = postSolution
		SolutionGuid = {92F3A5B5-9585-4409-B6C0-1DBF0E428601}
	EndGlobalSection
EndGlobal
